// !$*UTF8*$!
{
	archiveVersion = 1;
	classes = {
	};
	objectVersion = 46;
	objects = {

/* Begin PBXBuildFile section */
		1DA28C211977FDA000F2A917 /* genstrings in CopyFiles */ = {isa = PBXBuildFile; fileRef = 1DAFCB251977F99900D4D68B /* genstrings */; };
		1DA28C3919781C7900F2A917 /* LocalizedString.m in Sources */ = {isa = PBXBuildFile; fileRef = 1DA28C3819781C7900F2A917 /* LocalizedString.m */; };
		1DAFCB291977F99900D4D68B /* main.m in Sources */ = {isa = PBXBuildFile; fileRef = 1DAFCB281977F99900D4D68B /* main.m */; };
/* End PBXBuildFile section */

/* Begin PBXCopyFilesBuildPhase section */
		1DA28C201977FD6700F2A917 /* CopyFiles */ = {
			isa = PBXCopyFilesBuildPhase;
			buildActionMask = 2147483647;
			dstPath = "${SRCROOT}/build";
			dstSubfolderSpec = 0;
			files = (
				1DA28C211977FDA000F2A917 /* genstrings in CopyFiles */,
			);
			runOnlyForDeploymentPostprocessing = 0;
		};
		1DAFCB231977F99900D4D68B /* CopyFiles */ = {
			isa = PBXCopyFilesBuildPhase;
			buildActionMask = 2147483647;
			dstPath = /usr/share/man/man1/;
			dstSubfolderSpec = 0;
			files = (
			);
			runOnlyForDeploymentPostprocessing = 1;
		};
/* End PBXCopyFilesBuildPhase section */

/* Begin PBXFileReference section */
		1DA28C3719781C7900F2A917 /* LocalizedString.h */ = {isa = PBXFileReference; fileEncoding = 4; lastKnownFileType = sourcecode.c.h; path = LocalizedString.h; sourceTree = "<group>"; };
		1DA28C3819781C7900F2A917 /* LocalizedString.m */ = {isa = PBXFileReference; fileEncoding = 4; lastKnownFileType = sourcecode.c.objc; path = LocalizedString.m; sourceTree = "<group>"; };
		1DAFCB251977F99900D4D68B /* genstrings */ = {isa = PBXFileReference; explicitFileType = "compiled.mach-o.executable"; includeInIndex = 0; path = genstrings; sourceTree = BUILT_PRODUCTS_DIR; };
		1DAFCB281977F99900D4D68B /* main.m */ = {isa = PBXFileReference; lastKnownFileType = sourcecode.c.objc; path = main.m; sourceTree = "<group>"; };
/* End PBXFileReference section */

/* Begin PBXFrameworksBuildPhase section */
		1DAFCB221977F99900D4D68B /* Frameworks */ = {
			isa = PBXFrameworksBuildPhase;
			buildActionMask = 2147483647;
			files = (
			);
			runOnlyForDeploymentPostprocessing = 0;
		};
/* End PBXFrameworksBuildPhase section */

/* Begin PBXGroup section */
		1DAFCB1C1977F99900D4D68B = {
			isa = PBXGroup;
			children = (
				1DAFCB271977F99900D4D68B /* GenStrings */,
				1DAFCB261977F99900D4D68B /* Products */,
			);
			sourceTree = "<group>";
		};
		1DAFCB261977F99900D4D68B /* Products */ = {
			isa = PBXGroup;
			children = (
				1DAFCB251977F99900D4D68B /* genstrings */,
			);
			name = Products;
			sourceTree = "<group>";
		};
		1DAFCB271977F99900D4D68B /* GenStrings */ = {
			isa = PBXGroup;
			children = (
				1DAFCB281977F99900D4D68B /* main.m */,
				1DA28C3719781C7900F2A917 /* LocalizedString.h */,
				1DA28C3819781C7900F2A917 /* LocalizedString.m */,
			);
			path = GenStrings;
			sourceTree = "<group>";
		};
/* End PBXGroup section */

/* Begin PBXNativeTarget section */
		1DAFCB241977F99900D4D68B /* genstrings */ = {
			isa = PBXNativeTarget;
			buildConfigurationList = 1DAFCB2C1977F99900D4D68B /* Build configuration list for PBXNativeTarget "genstrings" */;
			buildPhases = (
				1DAFCB211977F99900D4D68B /* Sources */,
				1DAFCB221977F99900D4D68B /* Frameworks */,
				1DAFCB231977F99900D4D68B /* CopyFiles */,
				1DA28C201977FD6700F2A917 /* CopyFiles */,
			);
			buildRules = (
			);
			dependencies = (
			);
			name = genstrings;
			productName = GenStrings;
			productReference = 1DAFCB251977F99900D4D68B /* genstrings */;
			productType = "com.apple.product-type.tool";
		};
/* End PBXNativeTarget section */

/* Begin PBXProject section */
		1DAFCB1D1977F99900D4D68B /* Project object */ = {
			isa = PBXProject;
			attributes = {
				LastUpgradeCheck = 0600;
				ORGANIZATIONNAME = "Unified Intents";
				TargetAttributes = {
					1DAFCB241977F99900D4D68B = {
						CreatedOnToolsVersion = 6.0;
					};
				};
			};
			buildConfigurationList = 1DAFCB201977F99900D4D68B /* Build configuration list for PBXProject "GenStrings" */;
			compatibilityVersion = "Xcode 3.2";
			developmentRegion = English;
			hasScannedForEncodings = 0;
			knownRegions = (
				en,
			);
			mainGroup = 1DAFCB1C1977F99900D4D68B;
			productRefGroup = 1DAFCB261977F99900D4D68B /* Products */;
			projectDirPath = "";
			projectRoot = "";
			targets = (
				1DAFCB241977F99900D4D68B /* genstrings */,
			);
		};
/* End PBXProject section */

/* Begin PBXSourcesBuildPhase section */
		1DAFCB211977F99900D4D68B /* Sources */ = {
			isa = PBXSourcesBuildPhase;
			buildActionMask = 2147483647;
			files = (
				1DA28C3919781C7900F2A917 /* LocalizedString.m in Sources */,
				1DAFCB291977F99900D4D68B /* main.m in Sources */,
			);
			runOnlyForDeploymentPostprocessing = 0;
		};
/* End PBXSourcesBuildPhase section */

/* Begin XCBuildConfiguration section */
		1DAFCB2A1977F99900D4D68B /* Debug */ = {
			isa = XCBuildConfiguration;
			buildSettings = {
				ALWAYS_SEARCH_USER_PATHS = NO;
				CLANG_CXX_LANGUAGE_STANDARD = "gnu++0x";
				CLANG_CXX_LIBRARY = "libc++";
				CLANG_ENABLE_MODULES = YES;
				CLANG_ENABLE_OBJC_ARC = YES;
				CLANG_WARN_BOOL_CONVERSION = YES;
				CLANG_WARN_CONSTANT_CONVERSION = YES;
				CLANG_WARN_DIRECT_OBJC_ISA_USAGE = YES_ERROR;
				CLANG_WARN_EMPTY_BODY = YES;
				CLANG_WARN_ENUM_CONVERSION = YES;
				CLANG_WARN_INT_CONVERSION = YES;
				CLANG_WARN_OBJC_ROOT_CLASS = YES_ERROR;
				CLANG_WARN_UNREACHABLE_CODE = YES;
				CLANG_WARN__DUPLICATE_METHOD_MATCH = YES;
				COPY_PHASE_STRIP = NO;
				ENABLE_STRICT_OBJC_MSGSEND = YES;
				GCC_C_LANGUAGE_STANDARD = gnu99;
				GCC_DYNAMIC_NO_PIC = NO;
				GCC_OPTIMIZATION_LEVEL = 0;
				GCC_PREPROCESSOR_DEFINITIONS = (
					"DEBUG=1",
					"$(inherited)",
				);
				GCC_SYMBOLS_PRIVATE_EXTERN = NO;
				GCC_WARN_64_TO_32_BIT_CONVERSION = YES;
				GCC_WARN_ABOUT_RETURN_TYPE = YES_ERROR;
				GCC_WARN_UNDECLARED_SELECTOR = YES;
				GCC_WARN_UNINITIALIZED_AUTOS = YES_AGGRESSIVE;
				GCC_WARN_UNUSED_FUNCTION = YES;
				GCC_WARN_UNUSED_VARIABLE = YES;
				MACOSX_DEPLOYMENT_TARGET = 10.9;
				METAL_ENABLE_DEBUG_INFO = YES;
				ONLY_ACTIVE_ARCH = YES;
				SDKROOT = macosx;
			};
			name = Debug;
		};
		1DAFCB2B1977F99900D4D68B /* Release */ = {
			isa = XCBuildConfiguration;
			buildSettings = {
				ALWAYS_SEARCH_USER_PATHS = NO;
				CLANG_CXX_LANGUAGE_STANDARD = "gnu++0x";
				CLANG_CXX_LIBRARY = "libc++";
				CLANG_ENABLE_MODULES = YES;
				CLANG_ENABLE_OBJC_ARC = YES;
				CLANG_WARN_BOOL_CONVERSION = YES;
				CLANG_WARN_CONSTANT_CONVERSION = YES;
				CLANG_WARN_DIRECT_OBJC_ISA_USAGE = YES_ERROR;
				CLANG_WARN_EMPTY_BODY = YES;
				CLANG_WARN_ENUM_CONVERSION = YES;
				CLANG_WARN_INT_CONVERSION = YES;
				CLANG_WARN_OBJC_ROOT_CLASS = YES_ERROR;
				CLANG_WARN_UNREACHABLE_CODE = YES;
				CLANG_WARN__DUPLICATE_METHOD_MATCH = YES;
				COPY_PHASE_STRIP = YES;
				DEBUG_INFORMATION_FORMAT = "dwarf-with-dsym";
				ENABLE_NS_ASSERTIONS = NO;
				ENABLE_STRICT_OBJC_MSGSEND = YES;
				GCC_C_LANGUAGE_STANDARD = gnu99;
				GCC_WARN_64_TO_32_BIT_CONVERSION = YES;
				GCC_WARN_ABOUT_RETURN_TYPE = YES_ERROR;
				GCC_WARN_UNDECLARED_SELECTOR = YES;
				GCC_WARN_UNINITIALIZED_AUTOS = YES_AGGRESSIVE;
				GCC_WARN_UNUSED_FUNCTION = YES;
				GCC_WARN_UNUSED_VARIABLE = YES;
				MACOSX_DEPLOYMENT_TARGET = 10.9;
				METAL_ENABLE_DEBUG_INFO = NO;
				SDKROOT = macosx;
			};
			name = Release;
		};
		1DAFCB2D1977F99900D4D68B /* Debug */ = {
			isa = XCBuildConfiguration;
			buildSettings = {
				PRODUCT_NAME = "$(TARGET_NAME)";
				SKIP_INSTALL = YES;
			};
			name = Debug;
		};
		1DAFCB2E1977F99900D4D68B /* Release */ = {
			isa = XCBuildConfiguration;
			buildSettings = {
				PRODUCT_NAME = "$(TARGET_NAME)";
				SKIP_INSTALL = YES;
			};
			name = Release;
		};
/* End XCBuildConfiguration section */

/* Begin XCConfigurationList section */
		1DAFCB201977F99900D4D68B /* Build configuration list for PBXProject "GenStrings" */ = {
			isa = XCConfigurationList;
			buildConfigurations = (
				1DAFCB2A1977F99900D4D68B /* Debug */,
				1DAFCB2B1977F99900D4D68B /* Release */,
			);
			defaultConfigurationIsVisible = 0;
			defaultConfigurationName = Release;
		};
		1DAFCB2C1977F99900D4D68B /* Build configuration list for PBXNativeTarget "genstrings" */ = {
			isa = XCConfigurationList;
			buildConfigurations = (
				1DAFCB2D1977F99900D4D68B /* Debug */,
				1DAFCB2E1977F99900D4D68B /* Release */,
			);
			defaultConfigurationIsVisible = 0;
			defaultConfigurationName = Release;
		};
/* End XCConfigurationList section */
	};
	rootObject = 1DAFCB1D1977F99900D4D68B /* Project object */;
}
